{
  "version": 4,
  "terraform_version": "1.5.0",
  "serial": 4,
  "lineage": "eb59da54-5ddc-9203-abcb-449e07042518",
  "outputs": {
    "aws_api_gateway_stage_prod_arn": {
      "value": "arn:aws:apigateway:us-east-2::/restapis/4v4vgqzr03/stages/prod",
      "type": "string"
    },
    "aws_api_gateway_stage_prod_id": {
      "value": "ags-4v4vgqzr03-prod",
      "type": "string"
    },
    "aws_api_gateway_stage_prod_stage_name": {
      "value": "prod",
      "type": "string"
    },
    "pi_side_smart_home_lambda_task_1_allow_api_gateway_action": {
      "value": "lambda:InvokeFunction",
      "type": "string"
    },
    "pi_side_smart_home_lambda_task_1_allow_api_gateway_associated_lambda_function": {
      "value": "pi_side_smart_home_task_1_lambda",
      "type": "string"
    },
    "pi_side_smart_home_lambda_task_1_allow_api_gateway_id": {
      "value": "AllowExecutionFromAPIGateway",
      "type": "string"
    },
    "pi_side_smart_home_lambda_task_1_allow_api_gateway_principal": {
      "value": "apigateway.amazonaws.com",
      "type": "string"
    },
    "pi_side_smart_home_lambda_task_1_allow_api_gateway_statement_id": {
      "value": "AllowExecutionFromAPIGateway",
      "type": "string"
    },
    "pi_side_smart_home_register_device_post_api_http_method": {
      "value": "POST",
      "type": "string"
    },
    "pi_side_smart_home_register_device_post_api_key_required": {
      "value": true,
      "type": "bool"
    },
    "pi_side_smart_home_register_device_post_id": {
      "value": "agm-4v4vgqzr03-zhfblo-POST",
      "type": "string"
    },
    "pi_side_smart_home_task_1_api_gateway_arn": {
      "value": "arn:aws:apigateway:us-east-2::/restapis/4v4vgqzr03",
      "type": "string"
    },
    "pi_side_smart_home_task_1_api_gateway_deployment_description": {
      "value": "This API Gateway Deployment enables automatic deployment for API Gateway Changes",
      "type": "string"
    },
    "pi_side_smart_home_task_1_api_gateway_deployment_id": {
      "value": "vrjrv7",
      "type": "string"
    },
    "pi_side_smart_home_task_1_api_gateway_id": {
      "value": "4v4vgqzr03",
      "type": "string"
    },
    "pi_side_smart_home_task_1_api_gateway_name": {
      "value": "pi_side_smart_home_task_1_api_gateway",
      "type": "string"
    },
    "pi_side_smart_home_task_1_api_key_usage_plan_arn": {
      "value": "arn:aws:apigateway:us-east-2::/usageplans/rdp2hh",
      "type": "string"
    },
    "pi_side_smart_home_task_1_api_key_usage_plan_id": {
      "value": "rdp2hh",
      "type": "string"
    },
    "pi_side_smart_home_task_1_api_key_usage_plan_name": {
      "value": "DeviceRegistrationUsagePlan",
      "type": "string"
    },
    "pi_side_smart_home_task_1_device_registration_key_arn": {
      "value": "arn:aws:apigateway:us-east-2::/apikeys/vdey2yfg2d",
      "type": "string"
    },
    "pi_side_smart_home_task_1_device_registration_key_id": {
      "value": "vdey2yfg2d",
      "type": "string"
    },
    "pi_side_smart_home_task_1_device_registration_key_name": {
      "value": "vdey2yfg2d",
      "type": "string"
    },
    "pi_side_smart_home_task_1_device_registration_key_value": {
      "value": "tvQ3Q3g5idkvhx25lWYx2dlu5YkiZssayNDRPX16",
      "type": "string",
      "sensitive": true
    },
    "pi_side_smart_home_task_1_lambda_integration_LAMBDA_URI": {
      "value": "arn:aws:apigateway:us-east-2:lambda:path/2015-03-31/functions/arn:aws:lambda:us-east-2:339712758982:function:pi_side_smart_home_task_1_lambda/invocations",
      "type": "string"
    },
    "pi_side_smart_home_task_1_lambda_integration_http_method": {
      "value": "POST",
      "type": "string"
    },
    "pi_side_smart_home_task_1_lambda_integration_id": {
      "value": "agi-4v4vgqzr03-zhfblo-POST",
      "type": "string"
    },
    "pi_side_smart_home_task_1_register_endpoint_api_endpoint": {
      "value": "register",
      "type": "string"
    },
    "pi_side_smart_home_task_1_register_endpoint_id": {
      "value": "zhfblo",
      "type": "string"
    },
    "pi_side_smart_home_task_1_usage_plan_key_associated_usage_plan_id": {
      "value": "rdp2hh",
      "type": "string"
    },
    "pi_side_smart_home_task_1_usage_plan_key_id": {
      "value": "vdey2yfg2d",
      "type": "string"
    },
    "pi_side_smart_home_task_1_usage_plan_key_key_type": {
      "value": "API_KEY",
      "type": "string"
    }
  },
  "resources": [
    {
      "mode": "data",
      "type": "aws_lambda_function",
      "name": "pi_side_smart_home_task_1_lambda",
      "provider": "provider[\"registry.terraform.io/hashicorp/aws\"]",
      "instances": [
        {
          "schema_version": 0,
          "attributes": {
            "architectures": [
              "x86_64"
            ],
            "arn": "arn:aws:lambda:us-east-2:339712758982:function:pi_side_smart_home_task_1_lambda",
            "code_sha256": "8e96267618d2dff985a611a09949487d4a1d16fe747d3fe73d28e6c9d264d370",
            "code_signing_config_arn": "",
            "dead_letter_config": [],
            "description": "",
            "environment": [
              {
                "variables": {
                  "SERIAL_NUMBER_DYNAMO_DB": "smart_home_pi_devices_serial_numbers"
                }
              }
            ],
            "ephemeral_storage": [
              {
                "size": 512
              }
            ],
            "file_system_config": [],
            "function_name": "pi_side_smart_home_task_1_lambda",
            "handler": "",
            "id": "pi_side_smart_home_task_1_lambda",
            "image_uri": "339712758982.dkr.ecr.us-east-2.amazonaws.com/smart-home@sha256:8e96267618d2dff985a611a09949487d4a1d16fe747d3fe73d28e6c9d264d370",
            "invoke_arn": "arn:aws:apigateway:us-east-2:lambda:path/2015-03-31/functions/arn:aws:lambda:us-east-2:339712758982:function:pi_side_smart_home_task_1_lambda/invocations",
            "kms_key_arn": "",
            "last_modified": "2025-03-14T18:59:14.926+0000",
            "layers": [],
            "logging_config": [
              {
                "application_log_level": "",
                "log_format": "Text",
                "log_group": "/aws/lambda/pi_side_smart_home_task_1_lambda",
                "system_log_level": ""
              }
            ],
            "memory_size": 512,
            "qualified_arn": "arn:aws:lambda:us-east-2:339712758982:function:pi_side_smart_home_task_1_lambda:$LATEST",
            "qualified_invoke_arn": "arn:aws:apigateway:us-east-2:lambda:path/2015-03-31/functions/arn:aws:lambda:us-east-2:339712758982:function:pi_side_smart_home_task_1_lambda:$LATEST/invocations",
            "qualifier": null,
            "reserved_concurrent_executions": -1,
            "role": "arn:aws:iam::339712758982:role/pi_side_lambda_task_1_role",
            "runtime": "",
            "signing_job_arn": "",
            "signing_profile_version_arn": "",
            "source_code_hash": "8e96267618d2dff985a611a09949487d4a1d16fe747d3fe73d28e6c9d264d370",
            "source_code_size": 0,
            "tags": {
              "Name": "pi_side_smart_home_task_1_lambda"
            },
            "timeout": 900,
            "tracing_config": [
              {
                "mode": "PassThrough"
              }
            ],
            "version": "$LATEST",
            "vpc_config": []
          },
          "sensitive_attributes": []
        }
      ]
    },
    {
      "mode": "managed",
      "type": "aws_api_gateway_api_key",
      "name": "pi_side_smart_home_task_1_device_registration_key",
      "provider": "provider[\"registry.terraform.io/hashicorp/aws\"]",
      "instances": [
        {
          "schema_version": 0,
          "attributes": {
            "arn": "arn:aws:apigateway:us-east-2::/apikeys/vdey2yfg2d",
            "created_date": "2025-03-14T19:01:51Z",
            "customer_id": "",
            "description": "Managed by Terraform",
            "enabled": true,
            "id": "vdey2yfg2d",
            "last_updated_date": "2025-03-14T19:01:51Z",
            "name": "DeviceRegistrationKey",
            "tags": {
              "Name": "DeviceRegistrationKey"
            },
            "tags_all": {
              "Name": "DeviceRegistrationKey"
            },
            "value": "tvQ3Q3g5idkvhx25lWYx2dlu5YkiZssayNDRPX16"
          },
          "sensitive_attributes": [],
          "private": "bnVsbA=="
        }
      ]
    },
    {
      "mode": "managed",
      "type": "aws_api_gateway_deployment",
      "name": "pi_side_smart_home_task_1_api_gateway_deployment",
      "provider": "provider[\"registry.terraform.io/hashicorp/aws\"]",
      "instances": [
        {
          "schema_version": 0,
          "attributes": {
            "canary_settings": [],
            "created_date": "2025-03-14T19:01:51Z",
            "description": "This API Gateway Deployment enables automatic deployment for API Gateway Changes",
            "execution_arn": "arn:aws:execute-api:us-east-2:339712758982:4v4vgqzr03/",
            "id": "vrjrv7",
            "invoke_url": "https://4v4vgqzr03.execute-api.us-east-2.amazonaws.com/",
            "rest_api_id": "4v4vgqzr03",
            "stage_description": null,
            "stage_name": null,
            "triggers": {
              "redeployment": "ab9dd35f54debb36f548677fb3c4299e2bb4f660"
            },
            "variables": null
          },
          "sensitive_attributes": [],
          "private": "bnVsbA==",
          "dependencies": [
            "aws_api_gateway_integration.pi_side_smart_home_task_1_lambda_integration",
            "aws_api_gateway_method.pi_side_smart_home_register_device_post",
            "aws_api_gateway_resource.pi_side_smart_home_task_1_register_endpoint",
            "aws_api_gateway_rest_api.pi_side_smart_home_task_1_api_gateway",
            "data.aws_lambda_function.pi_side_smart_home_task_1_lambda"
          ]
        }
      ]
    },
    {
      "mode": "managed",
      "type": "aws_api_gateway_integration",
      "name": "pi_side_smart_home_task_1_lambda_integration",
      "provider": "provider[\"registry.terraform.io/hashicorp/aws\"]",
      "instances": [
        {
          "schema_version": 0,
          "attributes": {
            "cache_key_parameters": null,
            "cache_namespace": "zhfblo",
            "connection_id": "",
            "connection_type": "INTERNET",
            "content_handling": "",
            "credentials": "",
            "http_method": "POST",
            "id": "agi-4v4vgqzr03-zhfblo-POST",
            "integration_http_method": "POST",
            "passthrough_behavior": "WHEN_NO_MATCH",
            "request_parameters": null,
            "request_templates": null,
            "resource_id": "zhfblo",
            "rest_api_id": "4v4vgqzr03",
            "timeout_milliseconds": 29000,
            "tls_config": [],
            "type": "AWS_PROXY",
            "uri": "arn:aws:apigateway:us-east-2:lambda:path/2015-03-31/functions/arn:aws:lambda:us-east-2:339712758982:function:pi_side_smart_home_task_1_lambda/invocations"
          },
          "sensitive_attributes": [],
          "private": "bnVsbA==",
          "dependencies": [
            "aws_api_gateway_method.pi_side_smart_home_register_device_post",
            "aws_api_gateway_resource.pi_side_smart_home_task_1_register_endpoint",
            "aws_api_gateway_rest_api.pi_side_smart_home_task_1_api_gateway",
            "data.aws_lambda_function.pi_side_smart_home_task_1_lambda"
          ]
        }
      ]
    },
    {
      "mode": "managed",
      "type": "aws_api_gateway_method",
      "name": "pi_side_smart_home_register_device_post",
      "provider": "provider[\"registry.terraform.io/hashicorp/aws\"]",
      "instances": [
        {
          "schema_version": 0,
          "attributes": {
            "api_key_required": true,
            "authorization": "NONE",
            "authorization_scopes": null,
            "authorizer_id": null,
            "http_method": "POST",
            "id": "agm-4v4vgqzr03-zhfblo-POST",
            "operation_name": null,
            "request_models": null,
            "request_parameters": null,
            "request_validator_id": null,
            "resource_id": "zhfblo",
            "rest_api_id": "4v4vgqzr03"
          },
          "sensitive_attributes": [],
          "private": "bnVsbA==",
          "dependencies": [
            "aws_api_gateway_resource.pi_side_smart_home_task_1_register_endpoint",
            "aws_api_gateway_rest_api.pi_side_smart_home_task_1_api_gateway"
          ]
        }
      ]
    },
    {
      "mode": "managed",
      "type": "aws_api_gateway_resource",
      "name": "pi_side_smart_home_task_1_register_endpoint",
      "provider": "provider[\"registry.terraform.io/hashicorp/aws\"]",
      "instances": [
        {
          "schema_version": 0,
          "attributes": {
            "id": "zhfblo",
            "parent_id": "5g584b7nhi",
            "path": "/register",
            "path_part": "register",
            "rest_api_id": "4v4vgqzr03"
          },
          "sensitive_attributes": [],
          "private": "bnVsbA==",
          "dependencies": [
            "aws_api_gateway_rest_api.pi_side_smart_home_task_1_api_gateway"
          ]
        }
      ]
    },
    {
      "mode": "managed",
      "type": "aws_api_gateway_rest_api",
      "name": "pi_side_smart_home_task_1_api_gateway",
      "provider": "provider[\"registry.terraform.io/hashicorp/aws\"]",
      "instances": [
        {
          "schema_version": 0,
          "attributes": {
            "api_key_source": "HEADER",
            "arn": "arn:aws:apigateway:us-east-2::/restapis/4v4vgqzr03",
            "binary_media_types": [],
            "body": null,
            "created_date": "2025-03-14T19:01:51Z",
            "description": "API Gateway Resource for the First task to save serial numbers to the database",
            "disable_execute_api_endpoint": false,
            "endpoint_configuration": [
              {
                "types": [
                  "EDGE"
                ],
                "vpc_endpoint_ids": []
              }
            ],
            "execution_arn": "arn:aws:execute-api:us-east-2:339712758982:4v4vgqzr03",
            "fail_on_warnings": null,
            "id": "4v4vgqzr03",
            "minimum_compression_size": "",
            "name": "pi_side_smart_home_task_1_api_gateway",
            "parameters": null,
            "policy": "",
            "put_rest_api_mode": null,
            "root_resource_id": "5g584b7nhi",
            "tags": {
              "Name": "pi_side_smart_home_task_1_api_gateway"
            },
            "tags_all": {
              "Name": "pi_side_smart_home_task_1_api_gateway"
            }
          },
          "sensitive_attributes": [],
          "private": "bnVsbA=="
        }
      ]
    },
    {
      "mode": "managed",
      "type": "aws_api_gateway_stage",
      "name": "prod",
      "provider": "provider[\"registry.terraform.io/hashicorp/aws\"]",
      "instances": [
        {
          "schema_version": 0,
          "attributes": {
            "access_log_settings": [],
            "arn": "arn:aws:apigateway:us-east-2::/restapis/4v4vgqzr03/stages/prod",
            "cache_cluster_enabled": false,
            "cache_cluster_size": "",
            "canary_settings": [],
            "client_certificate_id": "",
            "deployment_id": "vrjrv7",
            "description": "",
            "documentation_version": "",
            "execution_arn": "arn:aws:execute-api:us-east-2:339712758982:4v4vgqzr03/prod",
            "id": "ags-4v4vgqzr03-prod",
            "invoke_url": "https://4v4vgqzr03.execute-api.us-east-2.amazonaws.com/prod",
            "rest_api_id": "4v4vgqzr03",
            "stage_name": "prod",
            "tags": {
              "Name": "DeviceRegistrationStage"
            },
            "tags_all": {
              "Name": "DeviceRegistrationStage"
            },
            "variables": null,
            "web_acl_arn": "",
            "xray_tracing_enabled": false
          },
          "sensitive_attributes": [],
          "private": "bnVsbA==",
          "dependencies": [
            "aws_api_gateway_deployment.pi_side_smart_home_task_1_api_gateway_deployment",
            "aws_api_gateway_integration.pi_side_smart_home_task_1_lambda_integration",
            "aws_api_gateway_method.pi_side_smart_home_register_device_post",
            "aws_api_gateway_resource.pi_side_smart_home_task_1_register_endpoint",
            "aws_api_gateway_rest_api.pi_side_smart_home_task_1_api_gateway",
            "data.aws_lambda_function.pi_side_smart_home_task_1_lambda"
          ]
        }
      ]
    },
    {
      "mode": "managed",
      "type": "aws_api_gateway_usage_plan",
      "name": "pi_side_smart_home_task_1_api_key_usage_plan",
      "provider": "provider[\"registry.terraform.io/hashicorp/aws\"]",
      "instances": [
        {
          "schema_version": 0,
          "attributes": {
            "api_stages": [
              {
                "api_id": "4v4vgqzr03",
                "stage": "prod",
                "throttle": []
              }
            ],
            "arn": "arn:aws:apigateway:us-east-2::/usageplans/rdp2hh",
            "description": "",
            "id": "rdp2hh",
            "name": "DeviceRegistrationUsagePlan",
            "product_code": "",
            "quota_settings": [],
            "tags": {
              "Name": "DeviceRegistrationUsagePlan"
            },
            "tags_all": {
              "Name": "DeviceRegistrationUsagePlan"
            },
            "throttle_settings": []
          },
          "sensitive_attributes": [],
          "private": "bnVsbA==",
          "dependencies": [
            "aws_api_gateway_deployment.pi_side_smart_home_task_1_api_gateway_deployment",
            "aws_api_gateway_integration.pi_side_smart_home_task_1_lambda_integration",
            "aws_api_gateway_method.pi_side_smart_home_register_device_post",
            "aws_api_gateway_resource.pi_side_smart_home_task_1_register_endpoint",
            "aws_api_gateway_rest_api.pi_side_smart_home_task_1_api_gateway",
            "aws_api_gateway_stage.prod",
            "data.aws_lambda_function.pi_side_smart_home_task_1_lambda"
          ]
        }
      ]
    },
    {
      "mode": "managed",
      "type": "aws_api_gateway_usage_plan_key",
      "name": "pi_side_smart_home_task_1_usage_plan_key",
      "provider": "provider[\"registry.terraform.io/hashicorp/aws\"]",
      "instances": [
        {
          "schema_version": 0,
          "attributes": {
            "id": "vdey2yfg2d",
            "key_id": "vdey2yfg2d",
            "key_type": "API_KEY",
            "name": "DeviceRegistrationKey",
            "usage_plan_id": "rdp2hh",
            "value": "tvQ3Q3g5idkvhx25lWYx2dlu5YkiZssayNDRPX16"
          },
          "sensitive_attributes": [],
          "private": "bnVsbA==",
          "dependencies": [
            "aws_api_gateway_api_key.pi_side_smart_home_task_1_device_registration_key",
            "aws_api_gateway_deployment.pi_side_smart_home_task_1_api_gateway_deployment",
            "aws_api_gateway_integration.pi_side_smart_home_task_1_lambda_integration",
            "aws_api_gateway_method.pi_side_smart_home_register_device_post",
            "aws_api_gateway_resource.pi_side_smart_home_task_1_register_endpoint",
            "aws_api_gateway_rest_api.pi_side_smart_home_task_1_api_gateway",
            "aws_api_gateway_stage.prod",
            "aws_api_gateway_usage_plan.pi_side_smart_home_task_1_api_key_usage_plan",
            "data.aws_lambda_function.pi_side_smart_home_task_1_lambda"
          ]
        }
      ]
    },
    {
      "mode": "managed",
      "type": "aws_lambda_permission",
      "name": "pi_side_smart_home_allow_api_gateway",
      "provider": "provider[\"registry.terraform.io/hashicorp/aws\"]",
      "instances": [
        {
          "schema_version": 0,
          "attributes": {
            "action": "lambda:InvokeFunction",
            "event_source_token": null,
            "function_name": "pi_side_smart_home_task_1_lambda",
            "function_url_auth_type": null,
            "id": "AllowExecutionFromAPIGateway",
            "principal": "apigateway.amazonaws.com",
            "principal_org_id": null,
            "qualifier": "",
            "source_account": null,
            "source_arn": "arn:aws:execute-api:us-east-2:339712758982:4v4vgqzr03/*/*",
            "statement_id": "AllowExecutionFromAPIGateway",
            "statement_id_prefix": ""
          },
          "sensitive_attributes": [],
          "private": "bnVsbA==",
          "dependencies": [
            "aws_api_gateway_rest_api.pi_side_smart_home_task_1_api_gateway",
            "data.aws_lambda_function.pi_side_smart_home_task_1_lambda"
          ]
        }
      ]
    }
  ],
  "check_results": null
}
